PODS:
  - ABIntentions (0.0.11):
    - ABIntentions/Button (= 0.0.11)
    - ABIntentions/Controllers (= 0.0.11)
    - ABIntentions/MapView (= 0.0.11)
    - ABIntentions/Subclasses (= 0.0.11)
    - ABIntentions/TableView (= 0.0.11)
    - ABIntentions/TextField (= 0.0.11)
    - ABIntentions/View (= 0.0.11)
    - ABIntentions/WebView (= 0.0.11)
  - ABIntentions/Button (0.0.11)
  - ABIntentions/Controllers (0.0.11)
  - ABIntentions/MapView (0.0.11)
  - ABIntentions/Subclasses (0.0.11)
  - ABIntentions/TableView (0.0.11)
  - ABIntentions/TextField (0.0.11)
  - ABIntentions/View (0.0.11)
  - ABIntentions/WebView (0.0.11)
  - Crashlytics (3.3.4)
  - Fabric (1.5.5):
    - Fabric/Base (= 1.5.5)
  - Fabric/Base (1.5.5)
  - FastEasyMapping (0.4.0)
  - LiveFrost (1.1.2)
  - MagicalRecord (2.3.0)
  - Masonry (0.6.3)
  - MSRangeSlider (0.1.0)
  - SDWebImage (3.7.3):
    - SDWebImage/Core (= 3.7.3)
  - SDWebImage/Core (3.7.3)
  - SVProgressHUD (1.1.3)
  - UIView-IBDesignable (0.0.2)

DEPENDENCIES:
  - ABIntentions
  - Crashlytics
  - Fabric
  - FastEasyMapping (from `./FastEasyMapping`)
  - LiveFrost
  - MagicalRecord
  - Masonry
  - MSRangeSlider
  - SDWebImage
  - SVProgressHUD
  - UIView-IBDesignable

EXTERNAL SOURCES:
  FastEasyMapping:
    :bracnh: '1.0'
    :path: "./FastEasyMapping"

SPEC CHECKSUMS:
  ABIntentions: 3f2aaba80b522ca8357c30ad15552d6f24422fb9
  Crashlytics: 41c082440d2e14da444186fff65e79c0b4b35d4c
  Fabric: 190bf1a6eb65f7500de1347d027d2e59a7e53db1
  FastEasyMapping: 675844e2f107e52c9f5193230f0e496b7f70a43f
  LiveFrost: 0631143a00e336ad6a8f183d4b02df93f8900d9d
  MagicalRecord: 89eb7d7ead39fb37f01c3d010665ee94d17f8dba
  Masonry: ff105a956abcd19a618b2028b121cb638d7a8e2f
  MSRangeSlider: 04e080e7e746b7108438840d7b16fb8d2fabba4f
  SDWebImage: 1d2b1a1efda1ade1b00b6f8498865f8ddedc8a84
  SVProgressHUD: 748080e4f36e603f6c02aec292664239df5279c1
  UIView-IBDesignable: c020ec1cffb21cdf65a2451c8bf1a3e3ed4fd330

COCOAPODS: 0.39.0
