// !$*UTF8*$!
{
	archiveVersion = 1;
	classes = {
	};
	objectVersion = 47;
	objects = {

/* Begin PBXBuildFile section */
		256C00011BE4FD650062D468 /* LoginViewController.m in Sources */ = {isa = PBXBuildFile; fileRef = 256C00001BE4FD650062D468 /* LoginViewController.m */; };
		256C00051BE507BC0062D468 /* NSMutableURLRequest+Parameters.m in Sources */ = {isa = PBXBuildFile; fileRef = 256C00041BE507BC0062D468 /* NSMutableURLRequest+Parameters.m */; };
		256C00091BE512CA0062D468 /* Pinder.xcdatamodeld in Sources */ = {isa = PBXBuildFile; fileRef = 256C00071BE512CA0062D468 /* Pinder.xcdatamodeld */; };
		256C000E1BE515ED0062D468 /* User+CoreDataProperties.m in Sources */ = {isa = PBXBuildFile; fileRef = 256C000B1BE515ED0062D468 /* User+CoreDataProperties.m */; };
		256C000F1BE515ED0062D468 /* User.m in Sources */ = {isa = PBXBuildFile; fileRef = 256C000D1BE515ED0062D468 /* User.m */; };
		256C00151BE5237B0062D468 /* SettingsViewController.m in Sources */ = {isa = PBXBuildFile; fileRef = 256C00141BE5237B0062D468 /* SettingsViewController.m */; };
		256CFFDF1BE4AEBD0062D468 /* main.m in Sources */ = {isa = PBXBuildFile; fileRef = 256CFFDE1BE4AEBD0062D468 /* main.m */; };
		256CFFE21BE4AEBD0062D468 /* AppDelegate.m in Sources */ = {isa = PBXBuildFile; fileRef = 256CFFE11BE4AEBD0062D468 /* AppDelegate.m */; };
		256CFFE51BE4AEBD0062D468 /* ViewController.m in Sources */ = {isa = PBXBuildFile; fileRef = 256CFFE41BE4AEBD0062D468 /* ViewController.m */; };
		256CFFE81BE4AEBD0062D468 /* Main.storyboard in Resources */ = {isa = PBXBuildFile; fileRef = 256CFFE61BE4AEBD0062D468 /* Main.storyboard */; };
		256CFFEA1BE4AEBD0062D468 /* Assets.xcassets in Resources */ = {isa = PBXBuildFile; fileRef = 256CFFE91BE4AEBD0062D468 /* Assets.xcassets */; };
		256CFFED1BE4AEBD0062D468 /* LaunchScreen.storyboard in Resources */ = {isa = PBXBuildFile; fileRef = 256CFFEB1BE4AEBD0062D468 /* LaunchScreen.storyboard */; };
		256CFFF61BE4B6AC0062D468 /* ABPinderView.m in Sources */ = {isa = PBXBuildFile; fileRef = 256CFFF51BE4B6AC0062D468 /* ABPinderView.m */; };
		256CFFFE1BE4F5A00062D468 /* PinderServer.m in Sources */ = {isa = PBXBuildFile; fileRef = 256CFFFD1BE4F5A00062D468 /* PinderServer.m */; };
		25BBFDBD1BE53A6400D42E90 /* FirstSettingsViewController.m in Sources */ = {isa = PBXBuildFile; fileRef = 25BBFDBC1BE53A6400D42E90 /* FirstSettingsViewController.m */; };
		25BBFDC01BE53B1200D42E90 /* SecondSettingsViewController.m in Sources */ = {isa = PBXBuildFile; fileRef = 25BBFDBF1BE53B1200D42E90 /* SecondSettingsViewController.m */; };
		25BBFDC31BE53CFB00D42E90 /* ThirdSettingsViewController.m in Sources */ = {isa = PBXBuildFile; fileRef = 25BBFDC21BE53CFB00D42E90 /* ThirdSettingsViewController.m */; };
		25BBFDC61BE5408200D42E90 /* ABMultiValuePickerController.m in Sources */ = {isa = PBXBuildFile; fileRef = 25BBFDC51BE5408200D42E90 /* ABMultiValuePickerController.m */; };
		25BBFDCB1BE54A3100D42E90 /* ABMultiValuePickerController.storyboard in Resources */ = {isa = PBXBuildFile; fileRef = 25BBFDCA1BE54A3100D42E90 /* ABMultiValuePickerController.storyboard */; };
		25BBFDCF1BE54ABB00D42E90 /* ABMultiValuePickerTableController.m in Sources */ = {isa = PBXBuildFile; fileRef = 25BBFDCE1BE54ABB00D42E90 /* ABMultiValuePickerTableController.m */; };
		25BBFDD41BE5533100D42E90 /* Filter+CoreDataProperties.m in Sources */ = {isa = PBXBuildFile; fileRef = 25BBFDD11BE5533100D42E90 /* Filter+CoreDataProperties.m */; };
		25BBFDD51BE5533100D42E90 /* Filter.m in Sources */ = {isa = PBXBuildFile; fileRef = 25BBFDD31BE5533100D42E90 /* Filter.m */; };
		25BBFDD81BE55A9200D42E90 /* NSString+StringWithCapitalizedFirstCharOnly.m in Sources */ = {isa = PBXBuildFile; fileRef = 25BBFDD71BE55A9200D42E90 /* NSString+StringWithCapitalizedFirstCharOnly.m */; };
		25BBFDDB1BE566ED00D42E90 /* AbstractSettingsViewController.m in Sources */ = {isa = PBXBuildFile; fileRef = 25BBFDDA1BE566ED00D42E90 /* AbstractSettingsViewController.m */; };
		25BBFDE41BE56A7A00D42E90 /* Country+CoreDataProperties.m in Sources */ = {isa = PBXBuildFile; fileRef = 25BBFDDD1BE56A7A00D42E90 /* Country+CoreDataProperties.m */; };
		25BBFDE51BE56A7A00D42E90 /* Country.m in Sources */ = {isa = PBXBuildFile; fileRef = 25BBFDDF1BE56A7A00D42E90 /* Country.m */; };
		25BBFDE61BE56A7A00D42E90 /* City+CoreDataProperties.m in Sources */ = {isa = PBXBuildFile; fileRef = 25BBFDE11BE56A7A00D42E90 /* City+CoreDataProperties.m */; };
		25BBFDE71BE56A7A00D42E90 /* City.m in Sources */ = {isa = PBXBuildFile; fileRef = 25BBFDE31BE56A7A00D42E90 /* City.m */; };
		4713C72CDC4CEAF9BB0DAD41 /* libPods-Pinder.a in Frameworks */ = {isa = PBXBuildFile; fileRef = 7F62A42D2EF09033BAB47671 /* libPods-Pinder.a */; };
/* End PBXBuildFile section */

/* Begin PBXFileReference section */
		252DD40E1BE573FD00EAD507 /* PinderForward.h */ = {isa = PBXFileReference; fileEncoding = 4; lastKnownFileType = sourcecode.c.h; path = PinderForward.h; sourceTree = "<group>"; };
		256C00001BE4FD650062D468 /* LoginViewController.m */ = {isa = PBXFileReference; fileEncoding = 4; lastKnownFileType = sourcecode.c.objc; path = LoginViewController.m; sourceTree = "<group>"; };
		256C00031BE507BC0062D468 /* NSMutableURLRequest+Parameters.h */ = {isa = PBXFileReference; fileEncoding = 4; lastKnownFileType = sourcecode.c.h; path = "NSMutableURLRequest+Parameters.h"; sourceTree = "<group>"; };
		256C00041BE507BC0062D468 /* NSMutableURLRequest+Parameters.m */ = {isa = PBXFileReference; fileEncoding = 4; lastKnownFileType = sourcecode.c.objc; path = "NSMutableURLRequest+Parameters.m"; sourceTree = "<group>"; };
		256C00081BE512CA0062D468 /* Pinder.xcdatamodel */ = {isa = PBXFileReference; lastKnownFileType = wrapper.xcdatamodel; path = Pinder.xcdatamodel; sourceTree = "<group>"; };
		256C000A1BE515ED0062D468 /* User+CoreDataProperties.h */ = {isa = PBXFileReference; fileEncoding = 4; lastKnownFileType = sourcecode.c.h; path = "User+CoreDataProperties.h"; sourceTree = "<group>"; };
		256C000B1BE515ED0062D468 /* User+CoreDataProperties.m */ = {isa = PBXFileReference; fileEncoding = 4; lastKnownFileType = sourcecode.c.objc; path = "User+CoreDataProperties.m"; sourceTree = "<group>"; };
		256C000C1BE515ED0062D468 /* User.h */ = {isa = PBXFileReference; fileEncoding = 4; lastKnownFileType = sourcecode.c.h; path = User.h; sourceTree = "<group>"; };
		256C000D1BE515ED0062D468 /* User.m */ = {isa = PBXFileReference; fileEncoding = 4; lastKnownFileType = sourcecode.c.objc; path = User.m; sourceTree = "<group>"; };
		256C00101BE516ED0062D468 /* Pinder.h */ = {isa = PBXFileReference; fileEncoding = 4; lastKnownFileType = sourcecode.c.h; path = Pinder.h; sourceTree = "<group>"; };
		256C00131BE5237B0062D468 /* SettingsViewController.h */ = {isa = PBXFileReference; fileEncoding = 4; lastKnownFileType = sourcecode.c.h; path = SettingsViewController.h; sourceTree = "<group>"; };
		256C00141BE5237B0062D468 /* SettingsViewController.m */ = {isa = PBXFileReference; fileEncoding = 4; lastKnownFileType = sourcecode.c.objc; path = SettingsViewController.m; sourceTree = "<group>"; };
		256CFFDA1BE4AEBD0062D468 /* Pinder.app */ = {isa = PBXFileReference; explicitFileType = wrapper.application; includeInIndex = 0; path = Pinder.app; sourceTree = BUILT_PRODUCTS_DIR; };
		256CFFDE1BE4AEBD0062D468 /* main.m */ = {isa = PBXFileReference; lastKnownFileType = sourcecode.c.objc; path = main.m; sourceTree = "<group>"; };
		256CFFE01BE4AEBD0062D468 /* AppDelegate.h */ = {isa = PBXFileReference; lastKnownFileType = sourcecode.c.h; path = AppDelegate.h; sourceTree = "<group>"; };
		256CFFE11BE4AEBD0062D468 /* AppDelegate.m */ = {isa = PBXFileReference; lastKnownFileType = sourcecode.c.objc; path = AppDelegate.m; sourceTree = "<group>"; };
		256CFFE31BE4AEBD0062D468 /* ViewController.h */ = {isa = PBXFileReference; lastKnownFileType = sourcecode.c.h; path = ViewController.h; sourceTree = "<group>"; };
		256CFFE41BE4AEBD0062D468 /* ViewController.m */ = {isa = PBXFileReference; lastKnownFileType = sourcecode.c.objc; path = ViewController.m; sourceTree = "<group>"; };
		256CFFE71BE4AEBD0062D468 /* Base */ = {isa = PBXFileReference; lastKnownFileType = file.storyboard; name = Base; path = Base.lproj/Main.storyboard; sourceTree = "<group>"; };
		256CFFE91BE4AEBD0062D468 /* Assets.xcassets */ = {isa = PBXFileReference; lastKnownFileType = folder.assetcatalog; path = Assets.xcassets; sourceTree = "<group>"; };
		256CFFEC1BE4AEBD0062D468 /* Base */ = {isa = PBXFileReference; lastKnownFileType = file.storyboard; name = Base; path = Base.lproj/LaunchScreen.storyboard; sourceTree = "<group>"; };
		256CFFEE1BE4AEBD0062D468 /* Info.plist */ = {isa = PBXFileReference; lastKnownFileType = text.plist.xml; path = Info.plist; sourceTree = "<group>"; };
		256CFFF41BE4B6AC0062D468 /* ABPinderView.h */ = {isa = PBXFileReference; fileEncoding = 4; lastKnownFileType = sourcecode.c.h; path = ABPinderView.h; sourceTree = "<group>"; };
		256CFFF51BE4B6AC0062D468 /* ABPinderView.m */ = {isa = PBXFileReference; fileEncoding = 4; lastKnownFileType = sourcecode.c.objc; path = ABPinderView.m; sourceTree = "<group>"; };
		256CFFFC1BE4F5A00062D468 /* PinderServer.h */ = {isa = PBXFileReference; fileEncoding = 4; lastKnownFileType = sourcecode.c.h; path = PinderServer.h; sourceTree = "<group>"; };
		256CFFFD1BE4F5A00062D468 /* PinderServer.m */ = {isa = PBXFileReference; fileEncoding = 4; lastKnownFileType = sourcecode.c.objc; path = PinderServer.m; sourceTree = "<group>"; };
		256CFFFF1BE4FD650062D468 /* LoginViewController.h */ = {isa = PBXFileReference; fileEncoding = 4; lastKnownFileType = sourcecode.c.h; path = LoginViewController.h; sourceTree = "<group>"; };
		25BBFDBB1BE53A6400D42E90 /* FirstSettingsViewController.h */ = {isa = PBXFileReference; fileEncoding = 4; lastKnownFileType = sourcecode.c.h; path = FirstSettingsViewController.h; sourceTree = "<group>"; };
		25BBFDBC1BE53A6400D42E90 /* FirstSettingsViewController.m */ = {isa = PBXFileReference; fileEncoding = 4; lastKnownFileType = sourcecode.c.objc; path = FirstSettingsViewController.m; sourceTree = "<group>"; };
		25BBFDBE1BE53B1200D42E90 /* SecondSettingsViewController.h */ = {isa = PBXFileReference; fileEncoding = 4; lastKnownFileType = sourcecode.c.h; path = SecondSettingsViewController.h; sourceTree = "<group>"; };
		25BBFDBF1BE53B1200D42E90 /* SecondSettingsViewController.m */ = {isa = PBXFileReference; fileEncoding = 4; lastKnownFileType = sourcecode.c.objc; path = SecondSettingsViewController.m; sourceTree = "<group>"; };
		25BBFDC11BE53CFB00D42E90 /* ThirdSettingsViewController.h */ = {isa = PBXFileReference; fileEncoding = 4; lastKnownFileType = sourcecode.c.h; path = ThirdSettingsViewController.h; sourceTree = "<group>"; };
		25BBFDC21BE53CFB00D42E90 /* ThirdSettingsViewController.m */ = {isa = PBXFileReference; fileEncoding = 4; lastKnownFileType = sourcecode.c.objc; path = ThirdSettingsViewController.m; sourceTree = "<group>"; };
		25BBFDC41BE5408100D42E90 /* ABMultiValuePickerController.h */ = {isa = PBXFileReference; fileEncoding = 4; lastKnownFileType = sourcecode.c.h; path = ABMultiValuePickerController.h; sourceTree = "<group>"; };
		25BBFDC51BE5408200D42E90 /* ABMultiValuePickerController.m */ = {isa = PBXFileReference; fileEncoding = 4; lastKnownFileType = sourcecode.c.objc; path = ABMultiValuePickerController.m; sourceTree = "<group>"; };
		25BBFDCA1BE54A3100D42E90 /* ABMultiValuePickerController.storyboard */ = {isa = PBXFileReference; fileEncoding = 4; lastKnownFileType = file.storyboard; path = ABMultiValuePickerController.storyboard; sourceTree = "<group>"; };
		25BBFDCD1BE54ABB00D42E90 /* ABMultiValuePickerTableController.h */ = {isa = PBXFileReference; fileEncoding = 4; lastKnownFileType = sourcecode.c.h; path = ABMultiValuePickerTableController.h; sourceTree = "<group>"; };
		25BBFDCE1BE54ABB00D42E90 /* ABMultiValuePickerTableController.m */ = {isa = PBXFileReference; fileEncoding = 4; lastKnownFileType = sourcecode.c.objc; path = ABMultiValuePickerTableController.m; sourceTree = "<group>"; };
		25BBFDD01BE5533100D42E90 /* Filter+CoreDataProperties.h */ = {isa = PBXFileReference; fileEncoding = 4; lastKnownFileType = sourcecode.c.h; path = "Filter+CoreDataProperties.h"; sourceTree = "<group>"; };
		25BBFDD11BE5533100D42E90 /* Filter+CoreDataProperties.m */ = {isa = PBXFileReference; fileEncoding = 4; lastKnownFileType = sourcecode.c.objc; path = "Filter+CoreDataProperties.m"; sourceTree = "<group>"; };
		25BBFDD21BE5533100D42E90 /* Filter.h */ = {isa = PBXFileReference; fileEncoding = 4; lastKnownFileType = sourcecode.c.h; path = Filter.h; sourceTree = "<group>"; };
		25BBFDD31BE5533100D42E90 /* Filter.m */ = {isa = PBXFileReference; fileEncoding = 4; lastKnownFileType = sourcecode.c.objc; path = Filter.m; sourceTree = "<group>"; };
		25BBFDD61BE55A9200D42E90 /* NSString+StringWithCapitalizedFirstCharOnly.h */ = {isa = PBXFileReference; fileEncoding = 4; lastKnownFileType = sourcecode.c.h; path = "NSString+StringWithCapitalizedFirstCharOnly.h"; sourceTree = "<group>"; };
		25BBFDD71BE55A9200D42E90 /* NSString+StringWithCapitalizedFirstCharOnly.m */ = {isa = PBXFileReference; fileEncoding = 4; lastKnownFileType = sourcecode.c.objc; path = "NSString+StringWithCapitalizedFirstCharOnly.m"; sourceTree = "<group>"; };
		25BBFDD91BE566ED00D42E90 /* AbstractSettingsViewController.h */ = {isa = PBXFileReference; fileEncoding = 4; lastKnownFileType = sourcecode.c.h; path = AbstractSettingsViewController.h; sourceTree = "<group>"; };
		25BBFDDA1BE566ED00D42E90 /* AbstractSettingsViewController.m */ = {isa = PBXFileReference; fileEncoding = 4; lastKnownFileType = sourcecode.c.objc; path = AbstractSettingsViewController.m; sourceTree = "<group>"; };
		25BBFDDC1BE56A7A00D42E90 /* Country+CoreDataProperties.h */ = {isa = PBXFileReference; fileEncoding = 4; lastKnownFileType = sourcecode.c.h; path = "Country+CoreDataProperties.h"; sourceTree = "<group>"; };
		25BBFDDD1BE56A7A00D42E90 /* Country+CoreDataProperties.m */ = {isa = PBXFileReference; fileEncoding = 4; lastKnownFileType = sourcecode.c.objc; path = "Country+CoreDataProperties.m"; sourceTree = "<group>"; };
		25BBFDDE1BE56A7A00D42E90 /* Country.h */ = {isa = PBXFileReference; fileEncoding = 4; lastKnownFileType = sourcecode.c.h; path = Country.h; sourceTree = "<group>"; };
		25BBFDDF1BE56A7A00D42E90 /* Country.m */ = {isa = PBXFileReference; fileEncoding = 4; lastKnownFileType = sourcecode.c.objc; path = Country.m; sourceTree = "<group>"; };
		25BBFDE01BE56A7A00D42E90 /* City+CoreDataProperties.h */ = {isa = PBXFileReference; fileEncoding = 4; lastKnownFileType = sourcecode.c.h; path = "City+CoreDataProperties.h"; sourceTree = "<group>"; };
		25BBFDE11BE56A7A00D42E90 /* City+CoreDataProperties.m */ = {isa = PBXFileReference; fileEncoding = 4; lastKnownFileType = sourcecode.c.objc; path = "City+CoreDataProperties.m"; sourceTree = "<group>"; };
		25BBFDE21BE56A7A00D42E90 /* City.h */ = {isa = PBXFileReference; fileEncoding = 4; lastKnownFileType = sourcecode.c.h; path = City.h; sourceTree = "<group>"; };
		25BBFDE31BE56A7A00D42E90 /* City.m */ = {isa = PBXFileReference; fileEncoding = 4; lastKnownFileType = sourcecode.c.objc; path = City.m; sourceTree = "<group>"; };
		7956AC93ADA724A4534323B0 /* Pods-Pinder.release.xcconfig */ = {isa = PBXFileReference; includeInIndex = 1; lastKnownFileType = text.xcconfig; name = "Pods-Pinder.release.xcconfig"; path = "Pods/Target Support Files/Pods-Pinder/Pods-Pinder.release.xcconfig"; sourceTree = "<group>"; };
		7F62A42D2EF09033BAB47671 /* libPods-Pinder.a */ = {isa = PBXFileReference; explicitFileType = archive.ar; includeInIndex = 0; path = "libPods-Pinder.a"; sourceTree = BUILT_PRODUCTS_DIR; };
		F2A52EEC760CE62451228172 /* Pods-Pinder.debug.xcconfig */ = {isa = PBXFileReference; includeInIndex = 1; lastKnownFileType = text.xcconfig; name = "Pods-Pinder.debug.xcconfig"; path = "Pods/Target Support Files/Pods-Pinder/Pods-Pinder.debug.xcconfig"; sourceTree = "<group>"; };
/* End PBXFileReference section */

/* Begin PBXFrameworksBuildPhase section */
		256CFFD71BE4AEBD0062D468 /* Frameworks */ = {
			isa = PBXFrameworksBuildPhase;
			buildActionMask = 2147483647;
			files = (
				4713C72CDC4CEAF9BB0DAD41 /* libPods-Pinder.a in Frameworks */,
			);
			runOnlyForDeploymentPostprocessing = 0;
		};
/* End PBXFrameworksBuildPhase section */

/* Begin PBXGroup section */
		252DD40D1BE572A900EAD507 /* Generated */ = {
			isa = PBXGroup;
			children = (
				256C000A1BE515ED0062D468 /* User+CoreDataProperties.h */,
				256C000B1BE515ED0062D468 /* User+CoreDataProperties.m */,
				256C000C1BE515ED0062D468 /* User.h */,
				256C000D1BE515ED0062D468 /* User.m */,
				25BBFDD01BE5533100D42E90 /* Filter+CoreDataProperties.h */,
				25BBFDD11BE5533100D42E90 /* Filter+CoreDataProperties.m */,
				25BBFDD21BE5533100D42E90 /* Filter.h */,
				25BBFDD31BE5533100D42E90 /* Filter.m */,
				25BBFDDC1BE56A7A00D42E90 /* Country+CoreDataProperties.h */,
				25BBFDDD1BE56A7A00D42E90 /* Country+CoreDataProperties.m */,
				25BBFDDE1BE56A7A00D42E90 /* Country.h */,
				25BBFDDF1BE56A7A00D42E90 /* Country.m */,
				25BBFDE01BE56A7A00D42E90 /* City+CoreDataProperties.h */,
				25BBFDE11BE56A7A00D42E90 /* City+CoreDataProperties.m */,
				25BBFDE21BE56A7A00D42E90 /* City.h */,
				25BBFDE31BE56A7A00D42E90 /* City.m */,
			);
			name = Generated;
			sourceTree = "<group>";
		};
		256C00061BE50DDA0062D468 /* Model */ = {
			isa = PBXGroup;
			children = (
				256CFFFC1BE4F5A00062D468 /* PinderServer.h */,
				256CFFFD1BE4F5A00062D468 /* PinderServer.m */,
				256C00071BE512CA0062D468 /* Pinder.xcdatamodeld */,
				256C00101BE516ED0062D468 /* Pinder.h */,
				252DD40E1BE573FD00EAD507 /* PinderForward.h */,
				252DD40D1BE572A900EAD507 /* Generated */,
			);
			name = Model;
			sourceTree = "<group>";
		};
		256CFFD11BE4AEBD0062D468 = {
			isa = PBXGroup;
			children = (
				256CFFDC1BE4AEBD0062D468 /* Pinder */,
				256CFFDB1BE4AEBD0062D468 /* Products */,
				9828409B2BF5109D4543F570 /* Pods */,
				A472E212449D7DDF05E5073C /* Frameworks */,
			);
			sourceTree = "<group>";
		};
		256CFFDB1BE4AEBD0062D468 /* Products */ = {
			isa = PBXGroup;
			children = (
				256CFFDA1BE4AEBD0062D468 /* Pinder.app */,
			);
			name = Products;
			sourceTree = "<group>";
		};
		256CFFDC1BE4AEBD0062D468 /* Pinder */ = {
			isa = PBXGroup;
			children = (
				256CFFFB1BE4D6830062D468 /* Reusable */,
				256C00061BE50DDA0062D468 /* Model */,
				256CFFE01BE4AEBD0062D468 /* AppDelegate.h */,
				256CFFE11BE4AEBD0062D468 /* AppDelegate.m */,
				256CFFE31BE4AEBD0062D468 /* ViewController.h */,
				256CFFE41BE4AEBD0062D468 /* ViewController.m */,
				25BBFDBA1BE53A0B00D42E90 /* Settings */,
				256CFFFF1BE4FD650062D468 /* LoginViewController.h */,
				256C00001BE4FD650062D468 /* LoginViewController.m */,
				256CFFE61BE4AEBD0062D468 /* Main.storyboard */,
				256CFFE91BE4AEBD0062D468 /* Assets.xcassets */,
				256CFFEB1BE4AEBD0062D468 /* LaunchScreen.storyboard */,
				256CFFEE1BE4AEBD0062D468 /* Info.plist */,
				256CFFDD1BE4AEBD0062D468 /* Supporting Files */,
			);
			path = Pinder;
			sourceTree = "<group>";
		};
		256CFFDD1BE4AEBD0062D468 /* Supporting Files */ = {
			isa = PBXGroup;
			children = (
				256CFFDE1BE4AEBD0062D468 /* main.m */,
			);
			name = "Supporting Files";
			sourceTree = "<group>";
		};
		256CFFFB1BE4D6830062D468 /* Reusable */ = {
			isa = PBXGroup;
			children = (
				25BBFDCC1BE54A8400D42E90 /* ABMultiValuePickerController */,
				256C00031BE507BC0062D468 /* NSMutableURLRequest+Parameters.h */,
				256C00041BE507BC0062D468 /* NSMutableURLRequest+Parameters.m */,
				25BBFDD61BE55A9200D42E90 /* NSString+StringWithCapitalizedFirstCharOnly.h */,
				25BBFDD71BE55A9200D42E90 /* NSString+StringWithCapitalizedFirstCharOnly.m */,
				256CFFF41BE4B6AC0062D468 /* ABPinderView.h */,
				256CFFF51BE4B6AC0062D468 /* ABPinderView.m */,
			);
			name = Reusable;
			sourceTree = "<group>";
		};
		25BBFDBA1BE53A0B00D42E90 /* Settings */ = {
			isa = PBXGroup;
			children = (
				256C00131BE5237B0062D468 /* SettingsViewController.h */,
				256C00141BE5237B0062D468 /* SettingsViewController.m */,
				25BBFDD91BE566ED00D42E90 /* AbstractSettingsViewController.h */,
				25BBFDDA1BE566ED00D42E90 /* AbstractSettingsViewController.m */,
				25BBFDBB1BE53A6400D42E90 /* FirstSettingsViewController.h */,
				25BBFDBC1BE53A6400D42E90 /* FirstSettingsViewController.m */,
				25BBFDBE1BE53B1200D42E90 /* SecondSettingsViewController.h */,
				25BBFDBF1BE53B1200D42E90 /* SecondSettingsViewController.m */,
				25BBFDC11BE53CFB00D42E90 /* ThirdSettingsViewController.h */,
				25BBFDC21BE53CFB00D42E90 /* ThirdSettingsViewController.m */,
			);
			name = Settings;
			sourceTree = "<group>";
		};
		25BBFDCC1BE54A8400D42E90 /* ABMultiValuePickerController */ = {
			isa = PBXGroup;
			children = (
				25BBFDC41BE5408100D42E90 /* ABMultiValuePickerController.h */,
				25BBFDC51BE5408200D42E90 /* ABMultiValuePickerController.m */,
				25BBFDCD1BE54ABB00D42E90 /* ABMultiValuePickerTableController.h */,
				25BBFDCE1BE54ABB00D42E90 /* ABMultiValuePickerTableController.m */,
				25BBFDCA1BE54A3100D42E90 /* ABMultiValuePickerController.storyboard */,
			);
			name = ABMultiValuePickerController;
			sourceTree = "<group>";
		};
		9828409B2BF5109D4543F570 /* Pods */ = {
			isa = PBXGroup;
			children = (
				F2A52EEC760CE62451228172 /* Pods-Pinder.debug.xcconfig */,
				7956AC93ADA724A4534323B0 /* Pods-Pinder.release.xcconfig */,
			);
			name = Pods;
			sourceTree = "<group>";
		};
		A472E212449D7DDF05E5073C /* Frameworks */ = {
			isa = PBXGroup;
			children = (
				7F62A42D2EF09033BAB47671 /* libPods-Pinder.a */,
			);
			name = Frameworks;
			sourceTree = "<group>";
		};
/* End PBXGroup section */

/* Begin PBXNativeTarget section */
		256CFFD91BE4AEBD0062D468 /* Pinder */ = {
			isa = PBXNativeTarget;
			buildConfigurationList = 256CFFF11BE4AEBD0062D468 /* Build configuration list for PBXNativeTarget "Pinder" */;
			buildPhases = (
				A5758D59111FB04681592B6B /* Check Pods Manifest.lock */,
				256CFFD61BE4AEBD0062D468 /* Sources */,
				256CFFD71BE4AEBD0062D468 /* Frameworks */,
				256CFFD81BE4AEBD0062D468 /* Resources */,
				256C00021BE505500062D468 /* Run Script Build Number increment */,
				601C65CA54C25E104380A72F /* Embed Pods Frameworks */,
				7D168722CEC5677FDB0C7EC2 /* Copy Pods Resources */,
				256CFFF71BE4BB440062D468 /* Run Script Fabric */,
			);
			buildRules = (
			);
			dependencies = (
			);
			name = Pinder;
			productName = Pinder;
			productReference = 256CFFDA1BE4AEBD0062D468 /* Pinder.app */;
			productType = "com.apple.product-type.application";
		};
/* End PBXNativeTarget section */

/* Begin PBXProject section */
		256CFFD21BE4AEBD0062D468 /* Project object */ = {
			isa = PBXProject;
			attributes = {
				LastUpgradeCheck = 0710;
				ORGANIZATIONNAME = "Happy Santa";
				TargetAttributes = {
					256CFFD91BE4AEBD0062D468 = {
						CreatedOnToolsVersion = 7.1;
						DevelopmentTeam = U9FF7SJK5F;
					};
				};
			};
			buildConfigurationList = 256CFFD51BE4AEBD0062D468 /* Build configuration list for PBXProject "Pinder" */;
			compatibilityVersion = "Xcode 6.3";
			developmentRegion = English;
			hasScannedForEncodings = 0;
			knownRegions = (
				en,
				Base,
			);
			mainGroup = 256CFFD11BE4AEBD0062D468;
			productRefGroup = 256CFFDB1BE4AEBD0062D468 /* Products */;
			projectDirPath = "";
			projectRoot = "";
			targets = (
				256CFFD91BE4AEBD0062D468 /* Pinder */,
			);
		};
/* End PBXProject section */

/* Begin PBXResourcesBuildPhase section */
		256CFFD81BE4AEBD0062D468 /* Resources */ = {
			isa = PBXResourcesBuildPhase;
			buildActionMask = 2147483647;
			files = (
				256CFFED1BE4AEBD0062D468 /* LaunchScreen.storyboard in Resources */,
				256CFFEA1BE4AEBD0062D468 /* Assets.xcassets in Resources */,
				256CFFE81BE4AEBD0062D468 /* Main.storyboard in Resources */,
				25BBFDCB1BE54A3100D42E90 /* ABMultiValuePickerController.storyboard in Resources */,
			);
			runOnlyForDeploymentPostprocessing = 0;
		};
/* End PBXResourcesBuildPhase section */

/* Begin PBXShellScriptBuildPhase section */
		256C00021BE505500062D468 /* Run Script Build Number increment */ = {
			isa = PBXShellScriptBuildPhase;
			buildActionMask = 2147483647;
			files = (
			);
			inputPaths = (
			);
			name = "Run Script Build Number increment";
			outputPaths = (
			);
			runOnlyForDeploymentPostprocessing = 0;
			shellPath = /bin/sh;
			shellScript = "#!/bin/bash\nbuildNumber=$(/usr/libexec/PlistBuddy -c \"Print CFBundleVersion\" \"$INFOPLIST_FILE\")\nbuildNumber=$(($buildNumber + 1))\n/usr/libexec/PlistBuddy -c \"Set :CFBundleVersion $buildNumber\" \"$INFOPLIST_FILE\"";
		};
		256CFFF71BE4BB440062D468 /* Run Script Fabric */ = {
			isa = PBXShellScriptBuildPhase;
			buildActionMask = 2147483647;
			files = (
			);
			inputPaths = (
			);
			name = "Run Script Fabric";
			outputPaths = (
			);
			runOnlyForDeploymentPostprocessing = 0;
			shellPath = /bin/sh;
			shellScript = "\"${PODS_ROOT}/Fabric/Fabric.framework/run\" 4bb4f78e4bf1b8298536d4b9f8891ac4ad9384ed 5b7d0c649a7cb65f872428c5d716e876784931c594bd36cd025d36a5554787b6";
		};
		601C65CA54C25E104380A72F /* Embed Pods Frameworks */ = {
			isa = PBXShellScriptBuildPhase;
			buildActionMask = 2147483647;
			files = (
			);
			inputPaths = (
			);
			name = "Embed Pods Frameworks";
			outputPaths = (
			);
			runOnlyForDeploymentPostprocessing = 0;
			shellPath = /bin/sh;
			shellScript = "\"${SRCROOT}/Pods/Target Support Files/Pods-Pinder/Pods-Pinder-frameworks.sh\"\n";
			showEnvVarsInLog = 0;
		};
		7D168722CEC5677FDB0C7EC2 /* Copy Pods Resources */ = {
			isa = PBXShellScriptBuildPhase;
			buildActionMask = 2147483647;
			files = (
			);
			inputPaths = (
			);
			name = "Copy Pods Resources";
			outputPaths = (
			);
			runOnlyForDeploymentPostprocessing = 0;
			shellPath = /bin/sh;
			shellScript = "\"${SRCROOT}/Pods/Target Support Files/Pods-Pinder/Pods-Pinder-resources.sh\"\n";
			showEnvVarsInLog = 0;
		};
		A5758D59111FB04681592B6B /* Check Pods Manifest.lock */ = {
			isa = PBXShellScriptBuildPhase;
			buildActionMask = 2147483647;
			files = (
			);
			inputPaths = (
			);
			name = "Check Pods Manifest.lock";
			outputPaths = (
			);
			runOnlyForDeploymentPostprocessing = 0;
			shellPath = /bin/sh;
			shellScript = "diff \"${PODS_ROOT}/../Podfile.lock\" \"${PODS_ROOT}/Manifest.lock\" > /dev/null\nif [[ $? != 0 ]] ; then\n    cat << EOM\nerror: The sandbox is not in sync with the Podfile.lock. Run 'pod install' or update your CocoaPods installation.\nEOM\n    exit 1\nfi\n";
			showEnvVarsInLog = 0;
		};
/* End PBXShellScriptBuildPhase section */

/* Begin PBXSourcesBuildPhase section */
		256CFFD61BE4AEBD0062D468 /* Sources */ = {
			isa = PBXSourcesBuildPhase;
			buildActionMask = 2147483647;
			files = (
				25BBFDE61BE56A7A00D42E90 /* City+CoreDataProperties.m in Sources */,
				256C000F1BE515ED0062D468 /* User.m in Sources */,
				25BBFDE71BE56A7A00D42E90 /* City.m in Sources */,
				25BBFDC61BE5408200D42E90 /* ABMultiValuePickerController.m in Sources */,
				25BBFDD41BE5533100D42E90 /* Filter+CoreDataProperties.m in Sources */,
				256CFFFE1BE4F5A00062D468 /* PinderServer.m in Sources */,
				256CFFE51BE4AEBD0062D468 /* ViewController.m in Sources */,
				25BBFDE41BE56A7A00D42E90 /* Country+CoreDataProperties.m in Sources */,
				256C00011BE4FD650062D468 /* LoginViewController.m in Sources */,
				25BBFDDB1BE566ED00D42E90 /* AbstractSettingsViewController.m in Sources */,
				25BBFDE51BE56A7A00D42E90 /* Country.m in Sources */,
				256C000E1BE515ED0062D468 /* User+CoreDataProperties.m in Sources */,
				25BBFDD51BE5533100D42E90 /* Filter.m in Sources */,
				256C00051BE507BC0062D468 /* NSMutableURLRequest+Parameters.m in Sources */,
				256CFFF61BE4B6AC0062D468 /* ABPinderView.m in Sources */,
				256C00091BE512CA0062D468 /* Pinder.xcdatamodeld in Sources */,
				25BBFDBD1BE53A6400D42E90 /* FirstSettingsViewController.m in Sources */,
				256C00151BE5237B0062D468 /* SettingsViewController.m in Sources */,
				25BBFDD81BE55A9200D42E90 /* NSString+StringWithCapitalizedFirstCharOnly.m in Sources */,
				25BBFDCF1BE54ABB00D42E90 /* ABMultiValuePickerTableController.m in Sources */,
				256CFFE21BE4AEBD0062D468 /* AppDelegate.m in Sources */,
				256CFFDF1BE4AEBD0062D468 /* main.m in Sources */,
				25BBFDC01BE53B1200D42E90 /* SecondSettingsViewController.m in Sources */,
				25BBFDC31BE53CFB00D42E90 /* ThirdSettingsViewController.m in Sources */,
			);
			runOnlyForDeploymentPostprocessing = 0;
		};
/* End PBXSourcesBuildPhase section */

/* Begin PBXVariantGroup section */
		256CFFE61BE4AEBD0062D468 /* Main.storyboard */ = {
			isa = PBXVariantGroup;
			children = (
				256CFFE71BE4AEBD0062D468 /* Base */,
			);
			name = Main.storyboard;
			sourceTree = "<group>";
		};
		256CFFEB1BE4AEBD0062D468 /* LaunchScreen.storyboard */ = {
			isa = PBXVariantGroup;
			children = (
				256CFFEC1BE4AEBD0062D468 /* Base */,
			);
			name = LaunchScreen.storyboard;
			sourceTree = "<group>";
		};
/* End PBXVariantGroup section */

/* Begin XCBuildConfiguration section */
		256CFFEF1BE4AEBD0062D468 /* Debug */ = {
			isa = XCBuildConfiguration;
			buildSettings = {
				ALWAYS_SEARCH_USER_PATHS = NO;
				CLANG_CXX_LANGUAGE_STANDARD = "gnu++0x";
				CLANG_CXX_LIBRARY = "libc++";
				CLANG_ENABLE_MODULES = YES;
				CLANG_ENABLE_OBJC_ARC = YES;
				CLANG_WARN_BOOL_CONVERSION = YES;
				CLANG_WARN_CONSTANT_CONVERSION = YES;
				CLANG_WARN_DIRECT_OBJC_ISA_USAGE = YES_ERROR;
				CLANG_WARN_EMPTY_BODY = YES;
				CLANG_WARN_ENUM_CONVERSION = YES;
				CLANG_WARN_INT_CONVERSION = YES;
				CLANG_WARN_OBJC_ROOT_CLASS = YES_ERROR;
				CLANG_WARN_UNREACHABLE_CODE = YES;
				CLANG_WARN__DUPLICATE_METHOD_MATCH = YES;
				"CODE_SIGN_IDENTITY[sdk=iphoneos*]" = "iPhone Developer";
				COPY_PHASE_STRIP = NO;
				DEBUG_INFORMATION_FORMAT = dwarf;
				ENABLE_STRICT_OBJC_MSGSEND = YES;
				ENABLE_TESTABILITY = YES;
				GCC_C_LANGUAGE_STANDARD = gnu99;
				GCC_DYNAMIC_NO_PIC = NO;
				GCC_NO_COMMON_BLOCKS = YES;
				GCC_OPTIMIZATION_LEVEL = 0;
				GCC_PREPROCESSOR_DEFINITIONS = (
					"DEBUG=1",
					"$(inherited)",
				);
				GCC_WARN_64_TO_32_BIT_CONVERSION = YES;
				GCC_WARN_ABOUT_RETURN_TYPE = YES_ERROR;
				GCC_WARN_UNDECLARED_SELECTOR = YES;
				GCC_WARN_UNINITIALIZED_AUTOS = YES_AGGRESSIVE;
				GCC_WARN_UNUSED_FUNCTION = YES;
				GCC_WARN_UNUSED_VARIABLE = YES;
				IPHONEOS_DEPLOYMENT_TARGET = 8.0;
				MTL_ENABLE_DEBUG_INFO = YES;
				ONLY_ACTIVE_ARCH = YES;
				SDKROOT = iphoneos;
			};
			name = Debug;
		};
		256CFFF01BE4AEBD0062D468 /* Release */ = {
			isa = XCBuildConfiguration;
			buildSettings = {
				ALWAYS_SEARCH_USER_PATHS = NO;
				CLANG_CXX_LANGUAGE_STANDARD = "gnu++0x";
				CLANG_CXX_LIBRARY = "libc++";
				CLANG_ENABLE_MODULES = YES;
				CLANG_ENABLE_OBJC_ARC = YES;
				CLANG_WARN_BOOL_CONVERSION = YES;
				CLANG_WARN_CONSTANT_CONVERSION = YES;
				CLANG_WARN_DIRECT_OBJC_ISA_USAGE = YES_ERROR;
				CLANG_WARN_EMPTY_BODY = YES;
				CLANG_WARN_ENUM_CONVERSION = YES;
				CLANG_WARN_INT_CONVERSION = YES;
				CLANG_WARN_OBJC_ROOT_CLASS = YES_ERROR;
				CLANG_WARN_UNREACHABLE_CODE = YES;
				CLANG_WARN__DUPLICATE_METHOD_MATCH = YES;
				"CODE_SIGN_IDENTITY[sdk=iphoneos*]" = "iPhone Developer";
				COPY_PHASE_STRIP = NO;
				DEBUG_INFORMATION_FORMAT = "dwarf-with-dsym";
				ENABLE_NS_ASSERTIONS = NO;
				ENABLE_STRICT_OBJC_MSGSEND = YES;
				GCC_C_LANGUAGE_STANDARD = gnu99;
				GCC_NO_COMMON_BLOCKS = YES;
				GCC_WARN_64_TO_32_BIT_CONVERSION = YES;
				GCC_WARN_ABOUT_RETURN_TYPE = YES_ERROR;
				GCC_WARN_UNDECLARED_SELECTOR = YES;
				GCC_WARN_UNINITIALIZED_AUTOS = YES_AGGRESSIVE;
				GCC_WARN_UNUSED_FUNCTION = YES;
				GCC_WARN_UNUSED_VARIABLE = YES;
				IPHONEOS_DEPLOYMENT_TARGET = 8.0;
				MTL_ENABLE_DEBUG_INFO = NO;
				SDKROOT = iphoneos;
				VALIDATE_PRODUCT = YES;
			};
			name = Release;
		};
		256CFFF21BE4AEBD0062D468 /* Debug */ = {
			isa = XCBuildConfiguration;
			baseConfigurationReference = F2A52EEC760CE62451228172 /* Pods-Pinder.debug.xcconfig */;
			buildSettings = {
				ASSETCATALOG_COMPILER_APPICON_NAME = AppIcon;
				CODE_SIGN_IDENTITY = "iPhone Developer";
				"CODE_SIGN_IDENTITY[sdk=iphoneos*]" = "iPhone Developer";
				INFOPLIST_FILE = Pinder/Info.plist;
				IPHONEOS_DEPLOYMENT_TARGET = 8.0;
				LD_RUNPATH_SEARCH_PATHS = "$(inherited) @executable_path/Frameworks";
				PRODUCT_BUNDLE_IDENTIFIER = com.codeless.Pinder;
				PRODUCT_NAME = "$(TARGET_NAME)";
				PROVISIONING_PROFILE = "";
			};
			name = Debug;
		};
		256CFFF31BE4AEBD0062D468 /* Release */ = {
			isa = XCBuildConfiguration;
			baseConfigurationReference = 7956AC93ADA724A4534323B0 /* Pods-Pinder.release.xcconfig */;
			buildSettings = {
				ASSETCATALOG_COMPILER_APPICON_NAME = AppIcon;
				CODE_SIGN_IDENTITY = "iPhone Developer";
				"CODE_SIGN_IDENTITY[sdk=iphoneos*]" = "iPhone Developer";
				INFOPLIST_FILE = Pinder/Info.plist;
				IPHONEOS_DEPLOYMENT_TARGET = 8.0;
				LD_RUNPATH_SEARCH_PATHS = "$(inherited) @executable_path/Frameworks";
				PRODUCT_BUNDLE_IDENTIFIER = com.codeless.Pinder;
				PRODUCT_NAME = "$(TARGET_NAME)";
				PROVISIONING_PROFILE = "";
			};
			name = Release;
		};
/* End XCBuildConfiguration section */

/* Begin XCConfigurationList section */
		256CFFD51BE4AEBD0062D468 /* Build configuration list for PBXProject "Pinder" */ = {
			isa = XCConfigurationList;
			buildConfigurations = (
				256CFFEF1BE4AEBD0062D468 /* Debug */,
				256CFFF01BE4AEBD0062D468 /* Release */,
			);
			defaultConfigurationIsVisible = 0;
			defaultConfigurationName = Release;
		};
		256CFFF11BE4AEBD0062D468 /* Build configuration list for PBXNativeTarget "Pinder" */ = {
			isa = XCConfigurationList;
			buildConfigurations = (
				256CFFF21BE4AEBD0062D468 /* Debug */,
				256CFFF31BE4AEBD0062D468 /* Release */,
			);
			defaultConfigurationIsVisible = 0;
			defaultConfigurationName = Release;
		};
/* End XCConfigurationList section */

/* Begin XCVersionGroup section */
		256C00071BE512CA0062D468 /* Pinder.xcdatamodeld */ = {
			isa = XCVersionGroup;
			children = (
				256C00081BE512CA0062D468 /* Pinder.xcdatamodel */,
			);
			currentVersion = 256C00081BE512CA0062D468 /* Pinder.xcdatamodel */;
			path = Pinder.xcdatamodeld;
			sourceTree = "<group>";
			versionGroupType = wrapper.xcdatamodel;
		};
/* End XCVersionGroup section */
	};
	rootObject = 256CFFD21BE4AEBD0062D468 /* Project object */;
}
